
Microsoft Visual Studio Solution File, Format Version 12.00
# Visual Studio 15
Project("{FAE04EC0-301F-11D3-BF4B-00C04F79EFBC}") = "Assembly-CSharp", "Assembly-CSharp.csproj", "{50EF1927-440A-E2F4-151D-E5B578D7BE43}"
EndProject
Project("{FAE04EC0-301F-11D3-BF4B-00C04F79EFBC}") = "Assembly-CSharp-Editor", "Assembly-CSharp-Editor.csproj", "{0A6282DD-478B-4921-AF62-B23BF5630993}"
EndProject
Global
	GlobalSection(SolutionConfigurationPlatforms) = preSolution
		Debug|Any CPU = Debug|Any CPU
		Release|Any CPU = Release|Any CPU
	EndGlobalSection
	GlobalSection(ProjectConfigurationPlatforms) = postSolution
		{50EF1927-440A-E2F4-151D-E5B578D7BE43}.Debug|Any CPU.ActiveCfg = Debug|Any CPU
		{50EF1927-440A-E2F4-151D-E5B578D7BE43}.Debug|Any CPU.Build.0 = Debug|Any CPU
		{50EF1927-440A-E2F4-151D-E5B578D7BE43}.Release|Any CPU.ActiveCfg = Release|Any CPU
		{50EF1927-440A-E2F4-151D-E5B578D7BE43}.Release|Any CPU.Build.0 = Release|Any CPU
		{0A6282DD-478B-4921-AF62-B23BF5630993}.Debug|Any CPU.ActiveCfg = Debug|Any CPU
		{0A6282DD-478B-4921-AF62-B23BF5630993}.Debug|Any CPU.Build.0 = Debug|Any CPU
		{0A6282DD-478B-4921-AF62-B23BF5630993}.Release|Any CPU.ActiveCfg = Release|Any CPU
		{0A6282DD-478B-4921-AF62-B23BF5630993}.Release|Any CPU.Build.0 = Release|Any CPU
	EndGlobalSection
	GlobalSection(SolutionProperties) = preSolution
		HideSolutionNode = FALSE
	EndGlobalSection
EndGlobal
